{"is_source_file": false, "format": "", "description": "", "external_files": [], "external_methods": [], "published": [], "classes": [], "methods": [], "calls": [], "search-terms": [], "state": 2, "file_id": 16, "knowledge_revision": 34, "git_revision": "ba0c029672cb7b31d3b03360c98a8abd2d9dc577", "hash": "9c4ed7ef73e22b872b8055bec08b8979", "format-version": 4, "code-base-name": "default", "filename": "wave_log/post_process_status.lock", "revision_history": [{"34": "ba0c029672cb7b31d3b03360c98a8abd2d9dc577"}]}